// !$*UTF8*$!
{
	archiveVersion = 1;
	classes = {
	};
	objectVersion = 46;
	objects = {

/* Begin PBXBuildFile section */
		590272741D66E412000C5D1A /* HCUserListViewController.m in Sources */ = {isa = PBXBuildFile; fileRef = 590272731D66E412000C5D1A /* HCUserListViewController.m */; };
		592AFBD31D68C96300DD9B3A /* HCBaseMessageTableViewCell.m in Sources */ = {isa = PBXBuildFile; fileRef = 592AFBD21D68C96300DD9B3A /* HCBaseMessageTableViewCell.m */; };
		592AFBD61D68C97F00DD9B3A /* HCTextMessageTableViewCell.m in Sources */ = {isa = PBXBuildFile; fileRef = 592AFBD51D68C97F00DD9B3A /* HCTextMessageTableViewCell.m */; };
		592AFBD91D68C9C800DD9B3A /* HCDateTimeTableViewCell.m in Sources */ = {isa = PBXBuildFile; fileRef = 592AFBD81D68C9C800DD9B3A /* HCDateTimeTableViewCell.m */; };
		59A123871D659A5F00CF2F8B /* main.m in Sources */ = {isa = PBXBuildFile; fileRef = 59A123861D659A5F00CF2F8B /* main.m */; };
		59A1238A1D659A5F00CF2F8B /* AppDelegate.m in Sources */ = {isa = PBXBuildFile; fileRef = 59A123891D659A5F00CF2F8B /* AppDelegate.m */; };
		59A123901D659A5F00CF2F8B /* Main.storyboard in Resources */ = {isa = PBXBuildFile; fileRef = 59A1238E1D659A5F00CF2F8B /* Main.storyboard */; };
		59A123921D659A5F00CF2F8B /* Assets.xcassets in Resources */ = {isa = PBXBuildFile; fileRef = 59A123911D659A5F00CF2F8B /* Assets.xcassets */; };
		59A123951D659A5F00CF2F8B /* LaunchScreen.storyboard in Resources */ = {isa = PBXBuildFile; fileRef = 59A123931D659A5F00CF2F8B /* LaunchScreen.storyboard */; };
		59A123A01D659A5F00CF2F8B /* ChatPrototypeTests.m in Sources */ = {isa = PBXBuildFile; fileRef = 59A1239F1D659A5F00CF2F8B /* ChatPrototypeTests.m */; };
		59A123B11D659B7E00CF2F8B /* SDCoreDataController.m in Sources */ = {isa = PBXBuildFile; fileRef = 59A123B01D659B7E00CF2F8B /* SDCoreDataController.m */; };
		59A123B81D659D4E00CF2F8B /* chatprototype.xcdatamodeld in Sources */ = {isa = PBXBuildFile; fileRef = 59A123B61D659D4E00CF2F8B /* chatprototype.xcdatamodeld */; };
		59A123DD1D65A3CA00CF2F8B /* RootEntity+CoreDataProperties.m in Sources */ = {isa = PBXBuildFile; fileRef = 59A123CA1D65A3CA00CF2F8B /* RootEntity+CoreDataProperties.m */; };
		59A123DE1D65A3CA00CF2F8B /* RootEntity.m in Sources */ = {isa = PBXBuildFile; fileRef = 59A123CC1D65A3CA00CF2F8B /* RootEntity.m */; };
		59A123E51D65A71B00CF2F8B /* NSDate+ChatPrototype.m in Sources */ = {isa = PBXBuildFile; fileRef = 59A123E41D65A71B00CF2F8B /* NSDate+ChatPrototype.m */; };
		59A123EC1D65A97200CF2F8B /* BaseMessage+CoreDataProperties.m in Sources */ = {isa = PBXBuildFile; fileRef = 59A123E91D65A97200CF2F8B /* BaseMessage+CoreDataProperties.m */; };
		59A123ED1D65A97200CF2F8B /* BaseMessage.m in Sources */ = {isa = PBXBuildFile; fileRef = 59A123EB1D65A97200CF2F8B /* BaseMessage.m */; };
		59A123FC1D65A9DF00CF2F8B /* GeoLocationMessage+CoreDataProperties.m in Sources */ = {isa = PBXBuildFile; fileRef = 59A123F51D65A9DF00CF2F8B /* GeoLocationMessage+CoreDataProperties.m */; };
		59A123FD1D65A9DF00CF2F8B /* GeoLocationMessage.m in Sources */ = {isa = PBXBuildFile; fileRef = 59A123F71D65A9DF00CF2F8B /* GeoLocationMessage.m */; };
		59A123FE1D65A9DF00CF2F8B /* TextMessage+CoreDataProperties.m in Sources */ = {isa = PBXBuildFile; fileRef = 59A123F91D65A9DF00CF2F8B /* TextMessage+CoreDataProperties.m */; };
		59A123FF1D65A9DF00CF2F8B /* TextMessage.m in Sources */ = {isa = PBXBuildFile; fileRef = 59A123FB1D65A9DF00CF2F8B /* TextMessage.m */; };
		59A124081D65AA0A00CF2F8B /* Image+CoreDataProperties.m in Sources */ = {isa = PBXBuildFile; fileRef = 59A124011D65AA0A00CF2F8B /* Image+CoreDataProperties.m */; };
		59A124091D65AA0A00CF2F8B /* Image.m in Sources */ = {isa = PBXBuildFile; fileRef = 59A124031D65AA0A00CF2F8B /* Image.m */; };
		59A1240A1D65AA0A00CF2F8B /* ImageMessage+CoreDataProperties.m in Sources */ = {isa = PBXBuildFile; fileRef = 59A124051D65AA0A00CF2F8B /* ImageMessage+CoreDataProperties.m */; };
		59A1240B1D65AA0A00CF2F8B /* ImageMessage.m in Sources */ = {isa = PBXBuildFile; fileRef = 59A124071D65AA0A00CF2F8B /* ImageMessage.m */; };
		59A1240C1D65AAC900CF2F8B /* CoreData.framework in Frameworks */ = {isa = PBXBuildFile; fileRef = 59A123E61D65A7B700CF2F8B /* CoreData.framework */; };
		59A124121D65AC4F00CF2F8B /* HCServerManager.m in Sources */ = {isa = PBXBuildFile; fileRef = 59A124111D65AC4F00CF2F8B /* HCServerManager.m */; };
		59A124151D65AD1A00CF2F8B /* HCStoreManager.m in Sources */ = {isa = PBXBuildFile; fileRef = 59A124141D65AD1A00CF2F8B /* HCStoreManager.m */; };
		59A124181D65C8A900CF2F8B /* HCBaseViewController.m in Sources */ = {isa = PBXBuildFile; fileRef = 59A124171D65C8A900CF2F8B /* HCBaseViewController.m */; };
		59A1241B1D65C8CD00CF2F8B /* HCMainViewController.m in Sources */ = {isa = PBXBuildFile; fileRef = 59A1241A1D65C8CD00CF2F8B /* HCMainViewController.m */; };
		59A1241E1D65CB6100CF2F8B /* HCLoginViewController.m in Sources */ = {isa = PBXBuildFile; fileRef = 59A1241D1D65CB6100CF2F8B /* HCLoginViewController.m */; };
		59A124211D65D63400CF2F8B /* UITextField+ChatPrototype.m in Sources */ = {isa = PBXBuildFile; fileRef = 59A124201D65D63400CF2F8B /* UITextField+ChatPrototype.m */; };
		59A124241D65DA3500CF2F8B /* HCLoginViewModel.m in Sources */ = {isa = PBXBuildFile; fileRef = 59A124231D65DA3500CF2F8B /* HCLoginViewModel.m */; };
		59AC2DE01D69B50E002C6521 /* User+CoreDataProperties.m in Sources */ = {isa = PBXBuildFile; fileRef = 59AC2DDD1D69B50E002C6521 /* User+CoreDataProperties.m */; };
		59AC2DE11D69B50E002C6521 /* User.m in Sources */ = {isa = PBXBuildFile; fileRef = 59AC2DDF1D69B50E002C6521 /* User.m */; };
		59AC2DE81D6A1655002C6521 /* Images.xcassets in Resources */ = {isa = PBXBuildFile; fileRef = 59AC2DE71D6A1655002C6521 /* Images.xcassets */; };
		59AC2DEB1D6AAD1B002C6521 /* HCChatInputView.m in Sources */ = {isa = PBXBuildFile; fileRef = 59AC2DEA1D6AAD1B002C6521 /* HCChatInputView.m */; };
		59AC2DEE1D6AF6E6002C6521 /* HCInverseTableView.m in Sources */ = {isa = PBXBuildFile; fileRef = 59AC2DED1D6AF6E6002C6521 /* HCInverseTableView.m */; };
		59B98D811D6C84D4008490F2 /* HCSelectMapViewController.m in Sources */ = {isa = PBXBuildFile; fileRef = 59B98D801D6C84D4008490F2 /* HCSelectMapViewController.m */; };
		59B98D841D6C89D2008490F2 /* HCSelectMapViewModel.m in Sources */ = {isa = PBXBuildFile; fileRef = 59B98D831D6C89D2008490F2 /* HCSelectMapViewModel.m */; };
		59B98D871D6C8C90008490F2 /* HCImageMessageTableViewCell.m in Sources */ = {isa = PBXBuildFile; fileRef = 59B98D861D6C8C90008490F2 /* HCImageMessageTableViewCell.m */; };
		59B98D8B1D6C90EE008490F2 /* HCMapViewController.m in Sources */ = {isa = PBXBuildFile; fileRef = 59B98D8A1D6C90EE008490F2 /* HCMapViewController.m */; };
		59B98D8E1D6C935F008490F2 /* CLLocation+ChatPrototype.m in Sources */ = {isa = PBXBuildFile; fileRef = 59B98D8D1D6C935F008490F2 /* CLLocation+ChatPrototype.m */; };
		59B98D911D6C9CA3008490F2 /* HCMapViewModel.m in Sources */ = {isa = PBXBuildFile; fileRef = 59B98D901D6C9CA3008490F2 /* HCMapViewModel.m */; };
		59B98D931D6CABCE008490F2 /* MapKit.framework in Frameworks */ = {isa = PBXBuildFile; fileRef = 59B98D921D6CABCE008490F2 /* MapKit.framework */; };
		59F1AF621D670A38009E7FCB /* HCMainViewModel.m in Sources */ = {isa = PBXBuildFile; fileRef = 59F1AF611D670A38009E7FCB /* HCMainViewModel.m */; };
		59F1AF671D6719A8009E7FCB /* HCUserListViewModel.m in Sources */ = {isa = PBXBuildFile; fileRef = 59F1AF661D6719A8009E7FCB /* HCUserListViewModel.m */; };
		59F1AF6B1D679767009E7FCB /* NSIndexPath+ChatPrototype.m in Sources */ = {isa = PBXBuildFile; fileRef = 59F1AF6A1D679767009E7FCB /* NSIndexPath+ChatPrototype.m */; };
		59F1AF6E1D679C26009E7FCB /* HCUserFriendTableViewCell.m in Sources */ = {isa = PBXBuildFile; fileRef = 59F1AF6D1D679C26009E7FCB /* HCUserFriendTableViewCell.m */; };
		59F1AF711D6841AA009E7FCB /* HCChatViewController.m in Sources */ = {isa = PBXBuildFile; fileRef = 59F1AF701D6841AA009E7FCB /* HCChatViewController.m */; };
		59F1AF741D6841C3009E7FCB /* HCChatViewModel.m in Sources */ = {isa = PBXBuildFile; fileRef = 59F1AF731D6841C3009E7FCB /* HCChatViewModel.m */; };
		59F1AF771D6843EF009E7FCB /* HCModelSupport.m in Sources */ = {isa = PBXBuildFile; fileRef = 59F1AF761D6843EF009E7FCB /* HCModelSupport.m */; };
/* End PBXBuildFile section */

/* Begin PBXContainerItemProxy section */
		59A1239C1D659A5F00CF2F8B /* PBXContainerItemProxy */ = {
			isa = PBXContainerItemProxy;
			containerPortal = 59A1237A1D659A5E00CF2F8B /* Project object */;
			proxyType = 1;
			remoteGlobalIDString = 59A123811D659A5E00CF2F8B;
			remoteInfo = ChatPrototype;
		};
/* End PBXContainerItemProxy section */

/* Begin PBXFileReference section */
		590272721D66E412000C5D1A /* HCUserListViewController.h */ = {isa = PBXFileReference; fileEncoding = 4; lastKnownFileType = sourcecode.c.h; path = HCUserListViewController.h; sourceTree = "<group>"; };
		590272731D66E412000C5D1A /* HCUserListViewController.m */ = {isa = PBXFileReference; fileEncoding = 4; lastKnownFileType = sourcecode.c.objc; path = HCUserListViewController.m; sourceTree = "<group>"; };
		590272751D66E734000C5D1A /* HCCoreDataModels.h */ = {isa = PBXFileReference; lastKnownFileType = sourcecode.c.h; path = HCCoreDataModels.h; sourceTree = "<group>"; };
		592AFBD11D68C96300DD9B3A /* HCBaseMessageTableViewCell.h */ = {isa = PBXFileReference; fileEncoding = 4; lastKnownFileType = sourcecode.c.h; path = HCBaseMessageTableViewCell.h; sourceTree = "<group>"; };
		592AFBD21D68C96300DD9B3A /* HCBaseMessageTableViewCell.m */ = {isa = PBXFileReference; fileEncoding = 4; lastKnownFileType = sourcecode.c.objc; path = HCBaseMessageTableViewCell.m; sourceTree = "<group>"; };
		592AFBD41D68C97F00DD9B3A /* HCTextMessageTableViewCell.h */ = {isa = PBXFileReference; fileEncoding = 4; lastKnownFileType = sourcecode.c.h; path = HCTextMessageTableViewCell.h; sourceTree = "<group>"; };
		592AFBD51D68C97F00DD9B3A /* HCTextMessageTableViewCell.m */ = {isa = PBXFileReference; fileEncoding = 4; lastKnownFileType = sourcecode.c.objc; path = HCTextMessageTableViewCell.m; sourceTree = "<group>"; };
		592AFBD71D68C9C800DD9B3A /* HCDateTimeTableViewCell.h */ = {isa = PBXFileReference; fileEncoding = 4; lastKnownFileType = sourcecode.c.h; path = HCDateTimeTableViewCell.h; sourceTree = "<group>"; };
		592AFBD81D68C9C800DD9B3A /* HCDateTimeTableViewCell.m */ = {isa = PBXFileReference; fileEncoding = 4; lastKnownFileType = sourcecode.c.objc; lineEnding = 0; path = HCDateTimeTableViewCell.m; sourceTree = "<group>"; };
		59A123821D659A5E00CF2F8B /* ChatPrototype.app */ = {isa = PBXFileReference; explicitFileType = wrapper.application; includeInIndex = 0; path = ChatPrototype.app; sourceTree = BUILT_PRODUCTS_DIR; };
		59A123861D659A5F00CF2F8B /* main.m */ = {isa = PBXFileReference; lastKnownFileType = sourcecode.c.objc; path = main.m; sourceTree = "<group>"; };
		59A123881D659A5F00CF2F8B /* AppDelegate.h */ = {isa = PBXFileReference; lastKnownFileType = sourcecode.c.h; path = AppDelegate.h; sourceTree = "<group>"; };
		59A123891D659A5F00CF2F8B /* AppDelegate.m */ = {isa = PBXFileReference; lastKnownFileType = sourcecode.c.objc; path = AppDelegate.m; sourceTree = "<group>"; };
		59A1238F1D659A5F00CF2F8B /* Base */ = {isa = PBXFileReference; lastKnownFileType = file.storyboard; name = Base; path = Base.lproj/Main.storyboard; sourceTree = "<group>"; };
		59A123911D659A5F00CF2F8B /* Assets.xcassets */ = {isa = PBXFileReference; lastKnownFileType = folder.assetcatalog; path = Assets.xcassets; sourceTree = "<group>"; };
		59A123941D659A5F00CF2F8B /* Base */ = {isa = PBXFileReference; lastKnownFileType = file.storyboard; name = Base; path = Base.lproj/LaunchScreen.storyboard; sourceTree = "<group>"; };
		59A123961D659A5F00CF2F8B /* Info.plist */ = {isa = PBXFileReference; lastKnownFileType = text.plist.xml; path = Info.plist; sourceTree = "<group>"; };
		59A1239B1D659A5F00CF2F8B /* ChatPrototypeTests.xctest */ = {isa = PBXFileReference; explicitFileType = wrapper.cfbundle; includeInIndex = 0; path = ChatPrototypeTests.xctest; sourceTree = BUILT_PRODUCTS_DIR; };
		59A1239F1D659A5F00CF2F8B /* ChatPrototypeTests.m */ = {isa = PBXFileReference; lastKnownFileType = sourcecode.c.objc; path = ChatPrototypeTests.m; sourceTree = "<group>"; };
		59A123A11D659A5F00CF2F8B /* Info.plist */ = {isa = PBXFileReference; lastKnownFileType = text.plist.xml; path = Info.plist; sourceTree = "<group>"; };
		59A123AF1D659B7E00CF2F8B /* SDCoreDataController.h */ = {isa = PBXFileReference; fileEncoding = 4; lastKnownFileType = sourcecode.c.h; path = SDCoreDataController.h; sourceTree = "<group>"; };
		59A123B01D659B7E00CF2F8B /* SDCoreDataController.m */ = {isa = PBXFileReference; fileEncoding = 4; lastKnownFileType = sourcecode.c.objc; path = SDCoreDataController.m; sourceTree = "<group>"; };
		59A123B71D659D4E00CF2F8B /* chatprototype.xcdatamodel */ = {isa = PBXFileReference; lastKnownFileType = wrapper.xcdatamodel; path = chatprototype.xcdatamodel; sourceTree = "<group>"; };
		59A123C91D65A3CA00CF2F8B /* RootEntity+CoreDataProperties.h */ = {isa = PBXFileReference; fileEncoding = 4; lastKnownFileType = sourcecode.c.h; path = "RootEntity+CoreDataProperties.h"; sourceTree = "<group>"; };
		59A123CA1D65A3CA00CF2F8B /* RootEntity+CoreDataProperties.m */ = {isa = PBXFileReference; fileEncoding = 4; lastKnownFileType = sourcecode.c.objc; path = "RootEntity+CoreDataProperties.m"; sourceTree = "<group>"; };
		59A123CB1D65A3CA00CF2F8B /* RootEntity.h */ = {isa = PBXFileReference; fileEncoding = 4; lastKnownFileType = sourcecode.c.h; path = RootEntity.h; sourceTree = "<group>"; };
		59A123CC1D65A3CA00CF2F8B /* RootEntity.m */ = {isa = PBXFileReference; fileEncoding = 4; lastKnownFileType = sourcecode.c.objc; path = RootEntity.m; sourceTree = "<group>"; };
		59A123E31D65A71B00CF2F8B /* NSDate+ChatPrototype.h */ = {isa = PBXFileReference; fileEncoding = 4; lastKnownFileType = sourcecode.c.h; path = "NSDate+ChatPrototype.h"; sourceTree = "<group>"; };
		59A123E41D65A71B00CF2F8B /* NSDate+ChatPrototype.m */ = {isa = PBXFileReference; fileEncoding = 4; lastKnownFileType = sourcecode.c.objc; path = "NSDate+ChatPrototype.m"; sourceTree = "<group>"; };
		59A123E61D65A7B700CF2F8B /* CoreData.framework */ = {isa = PBXFileReference; lastKnownFileType = wrapper.framework; name = CoreData.framework; path = System/Library/Frameworks/CoreData.framework; sourceTree = SDKROOT; };
		59A123E81D65A97200CF2F8B /* BaseMessage+CoreDataProperties.h */ = {isa = PBXFileReference; fileEncoding = 4; lastKnownFileType = sourcecode.c.h; path = "BaseMessage+CoreDataProperties.h"; sourceTree = "<group>"; };
		59A123E91D65A97200CF2F8B /* BaseMessage+CoreDataProperties.m */ = {isa = PBXFileReference; fileEncoding = 4; lastKnownFileType = sourcecode.c.objc; path = "BaseMessage+CoreDataProperties.m"; sourceTree = "<group>"; };
		59A123EA1D65A97200CF2F8B /* BaseMessage.h */ = {isa = PBXFileReference; fileEncoding = 4; lastKnownFileType = sourcecode.c.h; path = BaseMessage.h; sourceTree = "<group>"; };
		59A123EB1D65A97200CF2F8B /* BaseMessage.m */ = {isa = PBXFileReference; fileEncoding = 4; lastKnownFileType = sourcecode.c.objc; path = BaseMessage.m; sourceTree = "<group>"; };
		59A123F41D65A9DF00CF2F8B /* GeoLocationMessage+CoreDataProperties.h */ = {isa = PBXFileReference; fileEncoding = 4; lastKnownFileType = sourcecode.c.h; path = "GeoLocationMessage+CoreDataProperties.h"; sourceTree = "<group>"; };
		59A123F51D65A9DF00CF2F8B /* GeoLocationMessage+CoreDataProperties.m */ = {isa = PBXFileReference; fileEncoding = 4; lastKnownFileType = sourcecode.c.objc; path = "GeoLocationMessage+CoreDataProperties.m"; sourceTree = "<group>"; };
		59A123F61D65A9DF00CF2F8B /* GeoLocationMessage.h */ = {isa = PBXFileReference; fileEncoding = 4; lastKnownFileType = sourcecode.c.h; path = GeoLocationMessage.h; sourceTree = "<group>"; };
		59A123F71D65A9DF00CF2F8B /* GeoLocationMessage.m */ = {isa = PBXFileReference; fileEncoding = 4; lastKnownFileType = sourcecode.c.objc; path = GeoLocationMessage.m; sourceTree = "<group>"; };
		59A123F81D65A9DF00CF2F8B /* TextMessage+CoreDataProperties.h */ = {isa = PBXFileReference; fileEncoding = 4; lastKnownFileType = sourcecode.c.h; path = "TextMessage+CoreDataProperties.h"; sourceTree = "<group>"; };
		59A123F91D65A9DF00CF2F8B /* TextMessage+CoreDataProperties.m */ = {isa = PBXFileReference; fileEncoding = 4; lastKnownFileType = sourcecode.c.objc; path = "TextMessage+CoreDataProperties.m"; sourceTree = "<group>"; };
		59A123FA1D65A9DF00CF2F8B /* TextMessage.h */ = {isa = PBXFileReference; fileEncoding = 4; lastKnownFileType = sourcecode.c.h; path = TextMessage.h; sourceTree = "<group>"; };
		59A123FB1D65A9DF00CF2F8B /* TextMessage.m */ = {isa = PBXFileReference; fileEncoding = 4; lastKnownFileType = sourcecode.c.objc; path = TextMessage.m; sourceTree = "<group>"; };
		59A124001D65AA0A00CF2F8B /* Image+CoreDataProperties.h */ = {isa = PBXFileReference; fileEncoding = 4; lastKnownFileType = sourcecode.c.h; path = "Image+CoreDataProperties.h"; sourceTree = "<group>"; };
		59A124011D65AA0A00CF2F8B /* Image+CoreDataProperties.m */ = {isa = PBXFileReference; fileEncoding = 4; lastKnownFileType = sourcecode.c.objc; path = "Image+CoreDataProperties.m"; sourceTree = "<group>"; };
		59A124021D65AA0A00CF2F8B /* Image.h */ = {isa = PBXFileReference; fileEncoding = 4; lastKnownFileType = sourcecode.c.h; path = Image.h; sourceTree = "<group>"; };
		59A124031D65AA0A00CF2F8B /* Image.m */ = {isa = PBXFileReference; fileEncoding = 4; lastKnownFileType = sourcecode.c.objc; path = Image.m; sourceTree = "<group>"; };
		59A124041D65AA0A00CF2F8B /* ImageMessage+CoreDataProperties.h */ = {isa = PBXFileReference; fileEncoding = 4; lastKnownFileType = sourcecode.c.h; path = "ImageMessage+CoreDataProperties.h"; sourceTree = "<group>"; };
		59A124051D65AA0A00CF2F8B /* ImageMessage+CoreDataProperties.m */ = {isa = PBXFileReference; fileEncoding = 4; lastKnownFileType = sourcecode.c.objc; path = "ImageMessage+CoreDataProperties.m"; sourceTree = "<group>"; };
		59A124061D65AA0A00CF2F8B /* ImageMessage.h */ = {isa = PBXFileReference; fileEncoding = 4; lastKnownFileType = sourcecode.c.h; path = ImageMessage.h; sourceTree = "<group>"; };
		59A124071D65AA0A00CF2F8B /* ImageMessage.m */ = {isa = PBXFileReference; fileEncoding = 4; lastKnownFileType = sourcecode.c.objc; path = ImageMessage.m; sourceTree = "<group>"; };
		59A124101D65AC4F00CF2F8B /* HCServerManager.h */ = {isa = PBXFileReference; fileEncoding = 4; lastKnownFileType = sourcecode.c.h; path = HCServerManager.h; sourceTree = "<group>"; };
		59A124111D65AC4F00CF2F8B /* HCServerManager.m */ = {isa = PBXFileReference; fileEncoding = 4; lastKnownFileType = sourcecode.c.objc; path = HCServerManager.m; sourceTree = "<group>"; };
		59A124131D65AD1A00CF2F8B /* HCStoreManager.h */ = {isa = PBXFileReference; fileEncoding = 4; lastKnownFileType = sourcecode.c.h; path = HCStoreManager.h; sourceTree = "<group>"; };
		59A124141D65AD1A00CF2F8B /* HCStoreManager.m */ = {isa = PBXFileReference; fileEncoding = 4; lastKnownFileType = sourcecode.c.objc; path = HCStoreManager.m; sourceTree = "<group>"; };
		59A124161D65C8A900CF2F8B /* HCBaseViewController.h */ = {isa = PBXFileReference; fileEncoding = 4; lastKnownFileType = sourcecode.c.h; path = HCBaseViewController.h; sourceTree = "<group>"; };
		59A124171D65C8A900CF2F8B /* HCBaseViewController.m */ = {isa = PBXFileReference; fileEncoding = 4; lastKnownFileType = sourcecode.c.objc; path = HCBaseViewController.m; sourceTree = "<group>"; };
		59A124191D65C8CD00CF2F8B /* HCMainViewController.h */ = {isa = PBXFileReference; fileEncoding = 4; lastKnownFileType = sourcecode.c.h; path = HCMainViewController.h; sourceTree = "<group>"; };
		59A1241A1D65C8CD00CF2F8B /* HCMainViewController.m */ = {isa = PBXFileReference; fileEncoding = 4; lastKnownFileType = sourcecode.c.objc; path = HCMainViewController.m; sourceTree = "<group>"; };
		59A1241C1D65CB6100CF2F8B /* HCLoginViewController.h */ = {isa = PBXFileReference; fileEncoding = 4; lastKnownFileType = sourcecode.c.h; path = HCLoginViewController.h; sourceTree = "<group>"; };
		59A1241D1D65CB6100CF2F8B /* HCLoginViewController.m */ = {isa = PBXFileReference; fileEncoding = 4; lastKnownFileType = sourcecode.c.objc; path = HCLoginViewController.m; sourceTree = "<group>"; };
		59A1241F1D65D63400CF2F8B /* UITextField+ChatPrototype.h */ = {isa = PBXFileReference; fileEncoding = 4; lastKnownFileType = sourcecode.c.h; path = "UITextField+ChatPrototype.h"; sourceTree = "<group>"; };
		59A124201D65D63400CF2F8B /* UITextField+ChatPrototype.m */ = {isa = PBXFileReference; fileEncoding = 4; lastKnownFileType = sourcecode.c.objc; path = "UITextField+ChatPrototype.m"; sourceTree = "<group>"; };
		59A124221D65DA3500CF2F8B /* HCLoginViewModel.h */ = {isa = PBXFileReference; fileEncoding = 4; lastKnownFileType = sourcecode.c.h; path = HCLoginViewModel.h; sourceTree = "<group>"; };
		59A124231D65DA3500CF2F8B /* HCLoginViewModel.m */ = {isa = PBXFileReference; fileEncoding = 4; lastKnownFileType = sourcecode.c.objc; path = HCLoginViewModel.m; sourceTree = "<group>"; };
		59AC2DDC1D69B50E002C6521 /* User+CoreDataProperties.h */ = {isa = PBXFileReference; fileEncoding = 4; lastKnownFileType = sourcecode.c.h; path = "User+CoreDataProperties.h"; sourceTree = "<group>"; };
		59AC2DDD1D69B50E002C6521 /* User+CoreDataProperties.m */ = {isa = PBXFileReference; fileEncoding = 4; lastKnownFileType = sourcecode.c.objc; path = "User+CoreDataProperties.m"; sourceTree = "<group>"; };
		59AC2DDE1D69B50E002C6521 /* User.h */ = {isa = PBXFileReference; fileEncoding = 4; lastKnownFileType = sourcecode.c.h; path = User.h; sourceTree = "<group>"; };
		59AC2DDF1D69B50E002C6521 /* User.m */ = {isa = PBXFileReference; fileEncoding = 4; lastKnownFileType = sourcecode.c.objc; path = User.m; sourceTree = "<group>"; };
		59AC2DE71D6A1655002C6521 /* Images.xcassets */ = {isa = PBXFileReference; lastKnownFileType = folder.assetcatalog; path = Images.xcassets; sourceTree = "<group>"; };
		59AC2DE91D6AAD1B002C6521 /* HCChatInputView.h */ = {isa = PBXFileReference; fileEncoding = 4; lastKnownFileType = sourcecode.c.h; path = HCChatInputView.h; sourceTree = "<group>"; };
		59AC2DEA1D6AAD1B002C6521 /* HCChatInputView.m */ = {isa = PBXFileReference; fileEncoding = 4; lastKnownFileType = sourcecode.c.objc; path = HCChatInputView.m; sourceTree = "<group>"; };
		59AC2DEC1D6AF6E6002C6521 /* HCInverseTableView.h */ = {isa = PBXFileReference; fileEncoding = 4; lastKnownFileType = sourcecode.c.h; path = HCInverseTableView.h; sourceTree = "<group>"; };
		59AC2DED1D6AF6E6002C6521 /* HCInverseTableView.m */ = {isa = PBXFileReference; fileEncoding = 4; lastKnownFileType = sourcecode.c.objc; path = HCInverseTableView.m; sourceTree = "<group>"; };
		59B98D7F1D6C84D4008490F2 /* HCSelectMapViewController.h */ = {isa = PBXFileReference; fileEncoding = 4; lastKnownFileType = sourcecode.c.h; path = HCSelectMapViewController.h; sourceTree = "<group>"; };
		59B98D801D6C84D4008490F2 /* HCSelectMapViewController.m */ = {isa = PBXFileReference; fileEncoding = 4; lastKnownFileType = sourcecode.c.objc; path = HCSelectMapViewController.m; sourceTree = "<group>"; };
		59B98D821D6C89D2008490F2 /* HCSelectMapViewModel.h */ = {isa = PBXFileReference; fileEncoding = 4; lastKnownFileType = sourcecode.c.h; path = HCSelectMapViewModel.h; sourceTree = "<group>"; };
		59B98D831D6C89D2008490F2 /* HCSelectMapViewModel.m */ = {isa = PBXFileReference; fileEncoding = 4; lastKnownFileType = sourcecode.c.objc; path = HCSelectMapViewModel.m; sourceTree = "<group>"; };
		59B98D851D6C8C90008490F2 /* HCImageMessageTableViewCell.h */ = {isa = PBXFileReference; fileEncoding = 4; lastKnownFileType = sourcecode.c.h; path = HCImageMessageTableViewCell.h; sourceTree = "<group>"; };
		59B98D861D6C8C90008490F2 /* HCImageMessageTableViewCell.m */ = {isa = PBXFileReference; fileEncoding = 4; lastKnownFileType = sourcecode.c.objc; path = HCImageMessageTableViewCell.m; sourceTree = "<group>"; };
		59B98D891D6C90EE008490F2 /* HCMapViewController.h */ = {isa = PBXFileReference; fileEncoding = 4; lastKnownFileType = sourcecode.c.h; path = HCMapViewController.h; sourceTree = "<group>"; };
		59B98D8A1D6C90EE008490F2 /* HCMapViewController.m */ = {isa = PBXFileReference; fileEncoding = 4; lastKnownFileType = sourcecode.c.objc; path = HCMapViewController.m; sourceTree = "<group>"; };
		59B98D8C1D6C935F008490F2 /* CLLocation+ChatPrototype.h */ = {isa = PBXFileReference; fileEncoding = 4; lastKnownFileType = sourcecode.c.h; path = "CLLocation+ChatPrototype.h"; sourceTree = "<group>"; };
		59B98D8D1D6C935F008490F2 /* CLLocation+ChatPrototype.m */ = {isa = PBXFileReference; fileEncoding = 4; lastKnownFileType = sourcecode.c.objc; path = "CLLocation+ChatPrototype.m"; sourceTree = "<group>"; };
		59B98D8F1D6C9CA3008490F2 /* HCMapViewModel.h */ = {isa = PBXFileReference; fileEncoding = 4; lastKnownFileType = sourcecode.c.h; path = HCMapViewModel.h; sourceTree = "<group>"; };
		59B98D901D6C9CA3008490F2 /* HCMapViewModel.m */ = {isa = PBXFileReference; fileEncoding = 4; lastKnownFileType = sourcecode.c.objc; path = HCMapViewModel.m; sourceTree = "<group>"; };
		59B98D921D6CABCE008490F2 /* MapKit.framework */ = {isa = PBXFileReference; lastKnownFileType = wrapper.framework; name = MapKit.framework; path = System/Library/Frameworks/MapKit.framework; sourceTree = SDKROOT; };
		59F1AF5F1D6706C1009E7FCB /* HCServerManagerProtocol.h */ = {isa = PBXFileReference; lastKnownFileType = sourcecode.c.h; path = HCServerManagerProtocol.h; sourceTree = "<group>"; };
		59F1AF601D670A38009E7FCB /* HCMainViewModel.h */ = {isa = PBXFileReference; fileEncoding = 4; lastKnownFileType = sourcecode.c.h; path = HCMainViewModel.h; sourceTree = "<group>"; };
		59F1AF611D670A38009E7FCB /* HCMainViewModel.m */ = {isa = PBXFileReference; fileEncoding = 4; lastKnownFileType = sourcecode.c.objc; path = HCMainViewModel.m; sourceTree = "<group>"; };
		59F1AF651D6719A8009E7FCB /* HCUserListViewModel.h */ = {isa = PBXFileReference; fileEncoding = 4; lastKnownFileType = sourcecode.c.h; path = HCUserListViewModel.h; sourceTree = "<group>"; };
		59F1AF661D6719A8009E7FCB /* HCUserListViewModel.m */ = {isa = PBXFileReference; fileEncoding = 4; lastKnownFileType = sourcecode.c.objc; path = HCUserListViewModel.m; sourceTree = "<group>"; };
		59F1AF681D678F95009E7FCB /* HCViewModelTableViewDataSource.h */ = {isa = PBXFileReference; lastKnownFileType = sourcecode.c.h; path = HCViewModelTableViewDataSource.h; sourceTree = "<group>"; };
		59F1AF691D679767009E7FCB /* NSIndexPath+ChatPrototype.h */ = {isa = PBXFileReference; fileEncoding = 4; lastKnownFileType = sourcecode.c.h; path = "NSIndexPath+ChatPrototype.h"; sourceTree = "<group>"; };
		59F1AF6A1D679767009E7FCB /* NSIndexPath+ChatPrototype.m */ = {isa = PBXFileReference; fileEncoding = 4; lastKnownFileType = sourcecode.c.objc; path = "NSIndexPath+ChatPrototype.m"; sourceTree = "<group>"; };
		59F1AF6C1D679C26009E7FCB /* HCUserFriendTableViewCell.h */ = {isa = PBXFileReference; fileEncoding = 4; lastKnownFileType = sourcecode.c.h; path = HCUserFriendTableViewCell.h; sourceTree = "<group>"; };
		59F1AF6D1D679C26009E7FCB /* HCUserFriendTableViewCell.m */ = {isa = PBXFileReference; fileEncoding = 4; lastKnownFileType = sourcecode.c.objc; path = HCUserFriendTableViewCell.m; sourceTree = "<group>"; };
		59F1AF6F1D6841AA009E7FCB /* HCChatViewController.h */ = {isa = PBXFileReference; fileEncoding = 4; lastKnownFileType = sourcecode.c.h; path = HCChatViewController.h; sourceTree = "<group>"; };
		59F1AF701D6841AA009E7FCB /* HCChatViewController.m */ = {isa = PBXFileReference; fileEncoding = 4; lastKnownFileType = sourcecode.c.objc; path = HCChatViewController.m; sourceTree = "<group>"; };
		59F1AF721D6841C3009E7FCB /* HCChatViewModel.h */ = {isa = PBXFileReference; fileEncoding = 4; lastKnownFileType = sourcecode.c.h; path = HCChatViewModel.h; sourceTree = "<group>"; };
		59F1AF731D6841C3009E7FCB /* HCChatViewModel.m */ = {isa = PBXFileReference; fileEncoding = 4; lastKnownFileType = sourcecode.c.objc; path = HCChatViewModel.m; sourceTree = "<group>"; };
		59F1AF751D6843EF009E7FCB /* HCModelSupport.h */ = {isa = PBXFileReference; fileEncoding = 4; lastKnownFileType = sourcecode.c.h; path = HCModelSupport.h; sourceTree = "<group>"; };
		59F1AF761D6843EF009E7FCB /* HCModelSupport.m */ = {isa = PBXFileReference; fileEncoding = 4; lastKnownFileType = sourcecode.c.objc; path = HCModelSupport.m; sourceTree = "<group>"; };
/* End PBXFileReference section */

/* Begin PBXFrameworksBuildPhase section */
		59A1237F1D659A5E00CF2F8B /* Frameworks */ = {
			isa = PBXFrameworksBuildPhase;
			buildActionMask = 2147483647;
			files = (
				59B98D931D6CABCE008490F2 /* MapKit.framework in Frameworks */,
				59A1240C1D65AAC900CF2F8B /* CoreData.framework in Frameworks */,
			);
			runOnlyForDeploymentPostprocessing = 0;
		};
		59A123981D659A5F00CF2F8B /* Frameworks */ = {
			isa = PBXFrameworksBuildPhase;
			buildActionMask = 2147483647;
			files = (
			);
			runOnlyForDeploymentPostprocessing = 0;
		};
/* End PBXFrameworksBuildPhase section */

/* Begin PBXGroup section */
		592AFBD01D68C94A00DD9B3A /* MessageCells */ = {
			isa = PBXGroup;
			children = (
				592AFBD11D68C96300DD9B3A /* HCBaseMessageTableViewCell.h */,
				592AFBD21D68C96300DD9B3A /* HCBaseMessageTableViewCell.m */,
				592AFBD41D68C97F00DD9B3A /* HCTextMessageTableViewCell.h */,
				592AFBD51D68C97F00DD9B3A /* HCTextMessageTableViewCell.m */,
				59B98D851D6C8C90008490F2 /* HCImageMessageTableViewCell.h */,
				59B98D861D6C8C90008490F2 /* HCImageMessageTableViewCell.m */,
			);
			name = MessageCells;
			sourceTree = "<group>";
		};
		59A123791D659A5E00CF2F8B = {
			isa = PBXGroup;
			children = (
				59B98D921D6CABCE008490F2 /* MapKit.framework */,
				59A123E61D65A7B700CF2F8B /* CoreData.framework */,
				59A123841D659A5F00CF2F8B /* ChatPrototype */,
				59A1239E1D659A5F00CF2F8B /* ChatPrototypeTests */,
				59A123831D659A5E00CF2F8B /* Products */,
			);
			sourceTree = "<group>";
		};
		59A123831D659A5E00CF2F8B /* Products */ = {
			isa = PBXGroup;
			children = (
				59A123821D659A5E00CF2F8B /* ChatPrototype.app */,
				59A1239B1D659A5F00CF2F8B /* ChatPrototypeTests.xctest */,
			);
			name = Products;
			sourceTree = "<group>";
		};
		59A123841D659A5F00CF2F8B /* ChatPrototype */ = {
			isa = PBXGroup;
			children = (
				59AC2DE21D6A1643002C6521 /* Resources */,
				59A123B51D659C7900CF2F8B /* ClassCategories */,
				59A123B41D659BD700CF2F8B /* ViewModels */,
				59A123B21D659B8F00CF2F8B /* Model */,
				59A123AB1D659A8400CF2F8B /* Views */,
				59A123AA1D659A7800CF2F8B /* Managers */,
				59A123881D659A5F00CF2F8B /* AppDelegate.h */,
				59A123891D659A5F00CF2F8B /* AppDelegate.m */,
				59A1238E1D659A5F00CF2F8B /* Main.storyboard */,
				59A123911D659A5F00CF2F8B /* Assets.xcassets */,
				59A123931D659A5F00CF2F8B /* LaunchScreen.storyboard */,
				59A123961D659A5F00CF2F8B /* Info.plist */,
				59A123851D659A5F00CF2F8B /* Supporting Files */,
			);
			path = ChatPrototype;
			sourceTree = "<group>";
		};
		59A123851D659A5F00CF2F8B /* Supporting Files */ = {
			isa = PBXGroup;
			children = (
				59A123861D659A5F00CF2F8B /* main.m */,
			);
			name = "Supporting Files";
			sourceTree = "<group>";
		};
		59A1239E1D659A5F00CF2F8B /* ChatPrototypeTests */ = {
			isa = PBXGroup;
			children = (
				59A1239F1D659A5F00CF2F8B /* ChatPrototypeTests.m */,
				59A123A11D659A5F00CF2F8B /* Info.plist */,
			);
			path = ChatPrototypeTests;
			sourceTree = "<group>";
		};
		59A123AA1D659A7800CF2F8B /* Managers */ = {
			isa = PBXGroup;
			children = (
				59A124131D65AD1A00CF2F8B /* HCStoreManager.h */,
				59A124141D65AD1A00CF2F8B /* HCStoreManager.m */,
				59F1AF5F1D6706C1009E7FCB /* HCServerManagerProtocol.h */,
				59A124101D65AC4F00CF2F8B /* HCServerManager.h */,
				59A124111D65AC4F00CF2F8B /* HCServerManager.m */,
				59A123AF1D659B7E00CF2F8B /* SDCoreDataController.h */,
				59A123B01D659B7E00CF2F8B /* SDCoreDataController.m */,
			);
			path = Managers;
			sourceTree = "<group>";
		};
		59A123AB1D659A8400CF2F8B /* Views */ = {
			isa = PBXGroup;
			children = (
				59A123AE1D659AAC00CF2F8B /* Cells */,
				59A123AD1D659A9E00CF2F8B /* ViewControllers */,
				59A123AC1D659A9400CF2F8B /* CustomViews */,
			);
			path = Views;
			sourceTree = "<group>";
		};
		59A123AC1D659A9400CF2F8B /* CustomViews */ = {
			isa = PBXGroup;
			children = (
				59AC2DE91D6AAD1B002C6521 /* HCChatInputView.h */,
				59AC2DEA1D6AAD1B002C6521 /* HCChatInputView.m */,
				59AC2DEC1D6AF6E6002C6521 /* HCInverseTableView.h */,
				59AC2DED1D6AF6E6002C6521 /* HCInverseTableView.m */,
			);
			path = CustomViews;
			sourceTree = "<group>";
		};
		59A123AD1D659A9E00CF2F8B /* ViewControllers */ = {
			isa = PBXGroup;
			children = (
				59A124161D65C8A900CF2F8B /* HCBaseViewController.h */,
				59A124171D65C8A900CF2F8B /* HCBaseViewController.m */,
				59A124191D65C8CD00CF2F8B /* HCMainViewController.h */,
				59A1241A1D65C8CD00CF2F8B /* HCMainViewController.m */,
				59A1241C1D65CB6100CF2F8B /* HCLoginViewController.h */,
				59A1241D1D65CB6100CF2F8B /* HCLoginViewController.m */,
				590272721D66E412000C5D1A /* HCUserListViewController.h */,
				590272731D66E412000C5D1A /* HCUserListViewController.m */,
				59F1AF6F1D6841AA009E7FCB /* HCChatViewController.h */,
				59F1AF701D6841AA009E7FCB /* HCChatViewController.m */,
				59B98D881D6C90C5008490F2 /* MapViewControllers */,
			);
			path = ViewControllers;
			sourceTree = "<group>";
		};
		59A123AE1D659AAC00CF2F8B /* Cells */ = {
			isa = PBXGroup;
			children = (
				592AFBD01D68C94A00DD9B3A /* MessageCells */,
				59F1AF6C1D679C26009E7FCB /* HCUserFriendTableViewCell.h */,
				59F1AF6D1D679C26009E7FCB /* HCUserFriendTableViewCell.m */,
				592AFBD71D68C9C800DD9B3A /* HCDateTimeTableViewCell.h */,
				592AFBD81D68C9C800DD9B3A /* HCDateTimeTableViewCell.m */,
			);
			path = Cells;
			sourceTree = "<group>";
		};
		59A123B21D659B8F00CF2F8B /* Model */ = {
			isa = PBXGroup;
			children = (
				59A123B31D659BC600CF2F8B /* CoreData */,
				59F1AF751D6843EF009E7FCB /* HCModelSupport.h */,
				59F1AF761D6843EF009E7FCB /* HCModelSupport.m */,
			);
			path = Model;
			sourceTree = "<group>";
		};
		59A123B31D659BC600CF2F8B /* CoreData */ = {
			isa = PBXGroup;
			children = (
				59A123B61D659D4E00CF2F8B /* chatprototype.xcdatamodeld */,
				590272751D66E734000C5D1A /* HCCoreDataModels.h */,
				59A123C91D65A3CA00CF2F8B /* RootEntity+CoreDataProperties.h */,
				59A123CA1D65A3CA00CF2F8B /* RootEntity+CoreDataProperties.m */,
				59A123CB1D65A3CA00CF2F8B /* RootEntity.h */,
				59A123CC1D65A3CA00CF2F8B /* RootEntity.m */,
				59A123E81D65A97200CF2F8B /* BaseMessage+CoreDataProperties.h */,
				59A123E91D65A97200CF2F8B /* BaseMessage+CoreDataProperties.m */,
				59A123EA1D65A97200CF2F8B /* BaseMessage.h */,
				59A123EB1D65A97200CF2F8B /* BaseMessage.m */,
				59AC2DDC1D69B50E002C6521 /* User+CoreDataProperties.h */,
				59AC2DDD1D69B50E002C6521 /* User+CoreDataProperties.m */,
				59AC2DDE1D69B50E002C6521 /* User.h */,
				59AC2DDF1D69B50E002C6521 /* User.m */,
				59A123F41D65A9DF00CF2F8B /* GeoLocationMessage+CoreDataProperties.h */,
				59A123F51D65A9DF00CF2F8B /* GeoLocationMessage+CoreDataProperties.m */,
				59A123F61D65A9DF00CF2F8B /* GeoLocationMessage.h */,
				59A123F71D65A9DF00CF2F8B /* GeoLocationMessage.m */,
				59A123F81D65A9DF00CF2F8B /* TextMessage+CoreDataProperties.h */,
				59A123F91D65A9DF00CF2F8B /* TextMessage+CoreDataProperties.m */,
				59A123FA1D65A9DF00CF2F8B /* TextMessage.h */,
				59A123FB1D65A9DF00CF2F8B /* TextMessage.m */,
				59A124001D65AA0A00CF2F8B /* Image+CoreDataProperties.h */,
				59A124011D65AA0A00CF2F8B /* Image+CoreDataProperties.m */,
				59A124021D65AA0A00CF2F8B /* Image.h */,
				59A124031D65AA0A00CF2F8B /* Image.m */,
				59A124041D65AA0A00CF2F8B /* ImageMessage+CoreDataProperties.h */,
				59A124051D65AA0A00CF2F8B /* ImageMessage+CoreDataProperties.m */,
				59A124061D65AA0A00CF2F8B /* ImageMessage.h */,
				59A124071D65AA0A00CF2F8B /* ImageMessage.m */,
			);
			path = CoreData;
			sourceTree = "<group>";
		};
		59A123B41D659BD700CF2F8B /* ViewModels */ = {
			isa = PBXGroup;
			children = (
				59F1AF681D678F95009E7FCB /* HCViewModelTableViewDataSource.h */,
				59F1AF601D670A38009E7FCB /* HCMainViewModel.h */,
				59F1AF611D670A38009E7FCB /* HCMainViewModel.m */,
				59A124221D65DA3500CF2F8B /* HCLoginViewModel.h */,
				59A124231D65DA3500CF2F8B /* HCLoginViewModel.m */,
				59F1AF651D6719A8009E7FCB /* HCUserListViewModel.h */,
				59F1AF661D6719A8009E7FCB /* HCUserListViewModel.m */,
				59F1AF721D6841C3009E7FCB /* HCChatViewModel.h */,
				59F1AF731D6841C3009E7FCB /* HCChatViewModel.m */,
				59B98D8F1D6C9CA3008490F2 /* HCMapViewModel.h */,
				59B98D901D6C9CA3008490F2 /* HCMapViewModel.m */,
				59B98D821D6C89D2008490F2 /* HCSelectMapViewModel.h */,
				59B98D831D6C89D2008490F2 /* HCSelectMapViewModel.m */,
			);
			path = ViewModels;
			sourceTree = "<group>";
		};
		59A123B51D659C7900CF2F8B /* ClassCategories */ = {
			isa = PBXGroup;
			children = (
				59A123E31D65A71B00CF2F8B /* NSDate+ChatPrototype.h */,
				59A123E41D65A71B00CF2F8B /* NSDate+ChatPrototype.m */,
				59A1241F1D65D63400CF2F8B /* UITextField+ChatPrototype.h */,
				59A124201D65D63400CF2F8B /* UITextField+ChatPrototype.m */,
				59F1AF691D679767009E7FCB /* NSIndexPath+ChatPrototype.h */,
				59F1AF6A1D679767009E7FCB /* NSIndexPath+ChatPrototype.m */,
				59B98D8C1D6C935F008490F2 /* CLLocation+ChatPrototype.h */,
				59B98D8D1D6C935F008490F2 /* CLLocation+ChatPrototype.m */,
			);
			path = ClassCategories;
			sourceTree = "<group>";
		};
		59AC2DE21D6A1643002C6521 /* Resources */ = {
			isa = PBXGroup;
			children = (
				59AC2DE71D6A1655002C6521 /* Images.xcassets */,
			);
			path = Resources;
			sourceTree = "<group>";
		};
		59B98D881D6C90C5008490F2 /* MapViewControllers */ = {
			isa = PBXGroup;
			children = (
				59B98D891D6C90EE008490F2 /* HCMapViewController.h */,
				59B98D8A1D6C90EE008490F2 /* HCMapViewController.m */,
				59B98D7F1D6C84D4008490F2 /* HCSelectMapViewController.h */,
				59B98D801D6C84D4008490F2 /* HCSelectMapViewController.m */,
			);
			name = MapViewControllers;
			sourceTree = "<group>";
		};
/* End PBXGroup section */

/* Begin PBXNativeTarget section */
		59A123811D659A5E00CF2F8B /* ChatPrototype */ = {
			isa = PBXNativeTarget;
			buildConfigurationList = 59A123A41D659A5F00CF2F8B /* Build configuration list for PBXNativeTarget "ChatPrototype" */;
			buildPhases = (
				59A1237E1D659A5E00CF2F8B /* Sources */,
				59A1237F1D659A5E00CF2F8B /* Frameworks */,
				59A123801D659A5E00CF2F8B /* Resources */,
			);
			buildRules = (
			);
			dependencies = (
			);
			name = ChatPrototype;
			productName = ChatPrototype;
			productReference = 59A123821D659A5E00CF2F8B /* ChatPrototype.app */;
			productType = "com.apple.product-type.application";
		};
		59A1239A1D659A5F00CF2F8B /* ChatPrototypeTests */ = {
			isa = PBXNativeTarget;
			buildConfigurationList = 59A123A71D659A5F00CF2F8B /* Build configuration list for PBXNativeTarget "ChatPrototypeTests" */;
			buildPhases = (
				59A123971D659A5F00CF2F8B /* Sources */,
				59A123981D659A5F00CF2F8B /* Frameworks */,
				59A123991D659A5F00CF2F8B /* Resources */,
			);
			buildRules = (
			);
			dependencies = (
				59A1239D1D659A5F00CF2F8B /* PBXTargetDependency */,
			);
			name = ChatPrototypeTests;
			productName = ChatPrototypeTests;
			productReference = 59A1239B1D659A5F00CF2F8B /* ChatPrototypeTests.xctest */;
			productType = "com.apple.product-type.bundle.unit-test";
		};
/* End PBXNativeTarget section */

/* Begin PBXProject section */
		59A1237A1D659A5E00CF2F8B /* Project object */ = {
			isa = PBXProject;
			attributes = {
				CLASSPREFIX = HC;
				LastUpgradeCheck = 0730;
				ORGANIZATIONNAME = AlKol;
				TargetAttributes = {
					59A123811D659A5E00CF2F8B = {
						CreatedOnToolsVersion = 7.3.1;
						DevelopmentTeam = KN77JJ2EVX;
						SystemCapabilities = {
							com.apple.Maps.iOS = {
								enabled = 1;
							};
						};
					};
					59A1239A1D659A5F00CF2F8B = {
						CreatedOnToolsVersion = 7.3.1;
						TestTargetID = 59A123811D659A5E00CF2F8B;
					};
				};
			};
			buildConfigurationList = 59A1237D1D659A5E00CF2F8B /* Build configuration list for PBXProject "ChatPrototype" */;
			compatibilityVersion = "Xcode 3.2";
			developmentRegion = English;
			hasScannedForEncodings = 0;
			knownRegions = (
				en,
				Base,
			);
			mainGroup = 59A123791D659A5E00CF2F8B;
			productRefGroup = 59A123831D659A5E00CF2F8B /* Products */;
			projectDirPath = "";
			projectRoot = "";
			targets = (
				59A123811D659A5E00CF2F8B /* ChatPrototype */,
				59A1239A1D659A5F00CF2F8B /* ChatPrototypeTests */,
			);
		};
/* End PBXProject section */

/* Begin PBXResourcesBuildPhase section */
		59A123801D659A5E00CF2F8B /* Resources */ = {
			isa = PBXResourcesBuildPhase;
			buildActionMask = 2147483647;
			files = (
				59A123951D659A5F00CF2F8B /* LaunchScreen.storyboard in Resources */,
				59A123921D659A5F00CF2F8B /* Assets.xcassets in Resources */,
				59AC2DE81D6A1655002C6521 /* Images.xcassets in Resources */,
				59A123901D659A5F00CF2F8B /* Main.storyboard in Resources */,
			);
			runOnlyForDeploymentPostprocessing = 0;
		};
		59A123991D659A5F00CF2F8B /* Resources */ = {
			isa = PBXResourcesBuildPhase;
			buildActionMask = 2147483647;
			files = (
			);
			runOnlyForDeploymentPostprocessing = 0;
		};
/* End PBXResourcesBuildPhase section */

/* Begin PBXSourcesBuildPhase section */
		59A1237E1D659A5E00CF2F8B /* Sources */ = {
			isa = PBXSourcesBuildPhase;
			buildActionMask = 2147483647;
			files = (
				59F1AF671D6719A8009E7FCB /* HCUserListViewModel.m in Sources */,
				59A123FF1D65A9DF00CF2F8B /* TextMessage.m in Sources */,
				59A123DD1D65A3CA00CF2F8B /* RootEntity+CoreDataProperties.m in Sources */,
				592AFBD31D68C96300DD9B3A /* HCBaseMessageTableViewCell.m in Sources */,
				590272741D66E412000C5D1A /* HCUserListViewController.m in Sources */,
				59A124081D65AA0A00CF2F8B /* Image+CoreDataProperties.m in Sources */,
				59B98D841D6C89D2008490F2 /* HCSelectMapViewModel.m in Sources */,
				59A1241B1D65C8CD00CF2F8B /* HCMainViewController.m in Sources */,
				59A124121D65AC4F00CF2F8B /* HCServerManager.m in Sources */,
				59B98D8B1D6C90EE008490F2 /* HCMapViewController.m in Sources */,
				59A123FE1D65A9DF00CF2F8B /* TextMessage+CoreDataProperties.m in Sources */,
				59A123FC1D65A9DF00CF2F8B /* GeoLocationMessage+CoreDataProperties.m in Sources */,
				59A123B81D659D4E00CF2F8B /* chatprototype.xcdatamodeld in Sources */,
				59A1240B1D65AA0A00CF2F8B /* ImageMessage.m in Sources */,
				59A123E51D65A71B00CF2F8B /* NSDate+ChatPrototype.m in Sources */,
				59F1AF621D670A38009E7FCB /* HCMainViewModel.m in Sources */,
				59B98D811D6C84D4008490F2 /* HCSelectMapViewController.m in Sources */,
				59A1238A1D659A5F00CF2F8B /* AppDelegate.m in Sources */,
				59A1240A1D65AA0A00CF2F8B /* ImageMessage+CoreDataProperties.m in Sources */,
				59A123EC1D65A97200CF2F8B /* BaseMessage+CoreDataProperties.m in Sources */,
				59AC2DE01D69B50E002C6521 /* User+CoreDataProperties.m in Sources */,
				592AFBD61D68C97F00DD9B3A /* HCTextMessageTableViewCell.m in Sources */,
				59F1AF6E1D679C26009E7FCB /* HCUserFriendTableViewCell.m in Sources */,
				59B98D911D6C9CA3008490F2 /* HCMapViewModel.m in Sources */,
				59A124181D65C8A900CF2F8B /* HCBaseViewController.m in Sources */,
				59F1AF6B1D679767009E7FCB /* NSIndexPath+ChatPrototype.m in Sources */,
				59A124091D65AA0A00CF2F8B /* Image.m in Sources */,
				59A124241D65DA3500CF2F8B /* HCLoginViewModel.m in Sources */,
				59A123FD1D65A9DF00CF2F8B /* GeoLocationMessage.m in Sources */,
				59A123DE1D65A3CA00CF2F8B /* RootEntity.m in Sources */,
				59F1AF741D6841C3009E7FCB /* HCChatViewModel.m in Sources */,
				59A123871D659A5F00CF2F8B /* main.m in Sources */,
				59A123ED1D65A97200CF2F8B /* BaseMessage.m in Sources */,
				592AFBD91D68C9C800DD9B3A /* HCDateTimeTableViewCell.m in Sources */,
				59B98D871D6C8C90008490F2 /* HCImageMessageTableViewCell.m in Sources */,
				59B98D8E1D6C935F008490F2 /* CLLocation+ChatPrototype.m in Sources */,
				59F1AF771D6843EF009E7FCB /* HCModelSupport.m in Sources */,
				59AC2DEE1D6AF6E6002C6521 /* HCInverseTableView.m in Sources */,
				59F1AF711D6841AA009E7FCB /* HCChatViewController.m in Sources */,
				59AC2DEB1D6AAD1B002C6521 /* HCChatInputView.m in Sources */,
				59A1241E1D65CB6100CF2F8B /* HCLoginViewController.m in Sources */,
				59AC2DE11D69B50E002C6521 /* User.m in Sources */,
				59A123B11D659B7E00CF2F8B /* SDCoreDataController.m in Sources */,
				59A124151D65AD1A00CF2F8B /* HCStoreManager.m in Sources */,
				59A124211D65D63400CF2F8B /* UITextField+ChatPrototype.m in Sources */,
			);
			runOnlyForDeploymentPostprocessing = 0;
		};
		59A123971D659A5F00CF2F8B /* Sources */ = {
			isa = PBXSourcesBuildPhase;
			buildActionMask = 2147483647;
			files = (
				59A123A01D659A5F00CF2F8B /* ChatPrototypeTests.m in Sources */,
			);
			runOnlyForDeploymentPostprocessing = 0;
		};
/* End PBXSourcesBuildPhase section */

/* Begin PBXTargetDependency section */
		59A1239D1D659A5F00CF2F8B /* PBXTargetDependency */ = {
			isa = PBXTargetDependency;
			target = 59A123811D659A5E00CF2F8B /* ChatPrototype */;
			targetProxy = 59A1239C1D659A5F00CF2F8B /* PBXContainerItemProxy */;
		};
/* End PBXTargetDependency section */

/* Begin PBXVariantGroup section */
		59A1238E1D659A5F00CF2F8B /* Main.storyboard */ = {
			isa = PBXVariantGroup;
			children = (
				59A1238F1D659A5F00CF2F8B /* Base */,
			);
			name = Main.storyboard;
			sourceTree = "<group>";
		};
		59A123931D659A5F00CF2F8B /* LaunchScreen.storyboard */ = {
			isa = PBXVariantGroup;
			children = (
				59A123941D659A5F00CF2F8B /* Base */,
			);
			name = LaunchScreen.storyboard;
			sourceTree = "<group>";
		};
/* End PBXVariantGroup section */

/* Begin XCBuildConfiguration section */
		59A123A21D659A5F00CF2F8B /* Debug */ = {
			isa = XCBuildConfiguration;
			buildSettings = {
				ALWAYS_SEARCH_USER_PATHS = NO;
				CLANG_ANALYZER_NONNULL = YES;
				CLANG_CXX_LANGUAGE_STANDARD = "gnu++0x";
				CLANG_CXX_LIBRARY = "libc++";
				CLANG_ENABLE_MODULES = YES;
				CLANG_ENABLE_OBJC_ARC = YES;
				CLANG_WARN_BOOL_CONVERSION = YES;
				CLANG_WARN_CONSTANT_CONVERSION = YES;
				CLANG_WARN_DIRECT_OBJC_ISA_USAGE = YES_ERROR;
				CLANG_WARN_EMPTY_BODY = YES;
				CLANG_WARN_ENUM_CONVERSION = YES;
				CLANG_WARN_INT_CONVERSION = YES;
				CLANG_WARN_OBJC_ROOT_CLASS = YES_ERROR;
				CLANG_WARN_UNREACHABLE_CODE = YES;
				CLANG_WARN__DUPLICATE_METHOD_MATCH = YES;
				"CODE_SIGN_IDENTITY[sdk=iphoneos*]" = "iPhone Developer";
				COPY_PHASE_STRIP = NO;
				DEBUG_INFORMATION_FORMAT = dwarf;
				ENABLE_STRICT_OBJC_MSGSEND = YES;
				ENABLE_TESTABILITY = YES;
				GCC_C_LANGUAGE_STANDARD = gnu99;
				GCC_DYNAMIC_NO_PIC = NO;
				GCC_NO_COMMON_BLOCKS = YES;
				GCC_OPTIMIZATION_LEVEL = 0;
				GCC_PREPROCESSOR_DEFINITIONS = (
					"DEBUG=1",
					"$(inherited)",
				);
				GCC_WARN_64_TO_32_BIT_CONVERSION = YES;
				GCC_WARN_ABOUT_RETURN_TYPE = YES_ERROR;
				GCC_WARN_UNDECLARED_SELECTOR = YES;
				GCC_WARN_UNINITIALIZED_AUTOS = YES_AGGRESSIVE;
				GCC_WARN_UNUSED_FUNCTION = YES;
				GCC_WARN_UNUSED_VARIABLE = YES;
				IPHONEOS_DEPLOYMENT_TARGET = 9.3;
				MTL_ENABLE_DEBUG_INFO = YES;
				ONLY_ACTIVE_ARCH = YES;
				SDKROOT = iphoneos;
				TARGETED_DEVICE_FAMILY = "1,2";
			};
			name = Debug;
		};
		59A123A31D659A5F00CF2F8B /* Release */ = {
			isa = XCBuildConfiguration;
			buildSettings = {
				ALWAYS_SEARCH_USER_PATHS = NO;
				CLANG_ANALYZER_NONNULL = YES;
				CLANG_CXX_LANGUAGE_STANDARD = "gnu++0x";
				CLANG_CXX_LIBRARY = "libc++";
				CLANG_ENABLE_MODULES = YES;
				CLANG_ENABLE_OBJC_ARC = YES;
				CLANG_WARN_BOOL_CONVERSION = YES;
				CLANG_WARN_CONSTANT_CONVERSION = YES;
				CLANG_WARN_DIRECT_OBJC_ISA_USAGE = YES_ERROR;
				CLANG_WARN_EMPTY_BODY = YES;
				CLANG_WARN_ENUM_CONVERSION = YES;
				CLANG_WARN_INT_CONVERSION = YES;
				CLANG_WARN_OBJC_ROOT_CLASS = YES_ERROR;
				CLANG_WARN_UNREACHABLE_CODE = YES;
				CLANG_WARN__DUPLICATE_METHOD_MATCH = YES;
				"CODE_SIGN_IDENTITY[sdk=iphoneos*]" = "iPhone Developer";
				COPY_PHASE_STRIP = NO;
				DEBUG_INFORMATION_FORMAT = "dwarf-with-dsym";
				ENABLE_NS_ASSERTIONS = NO;
				ENABLE_STRICT_OBJC_MSGSEND = YES;
				GCC_C_LANGUAGE_STANDARD = gnu99;
				GCC_NO_COMMON_BLOCKS = YES;
				GCC_WARN_64_TO_32_BIT_CONVERSION = YES;
				GCC_WARN_ABOUT_RETURN_TYPE = YES_ERROR;
				GCC_WARN_UNDECLARED_SELECTOR = YES;
				GCC_WARN_UNINITIALIZED_AUTOS = YES_AGGRESSIVE;
				GCC_WARN_UNUSED_FUNCTION = YES;
				GCC_WARN_UNUSED_VARIABLE = YES;
				IPHONEOS_DEPLOYMENT_TARGET = 9.3;
				MTL_ENABLE_DEBUG_INFO = NO;
				SDKROOT = iphoneos;
				TARGETED_DEVICE_FAMILY = "1,2";
				VALIDATE_PRODUCT = YES;
			};
			name = Release;
		};
		59A123A51D659A5F00CF2F8B /* Debug */ = {
			isa = XCBuildConfiguration;
			buildSettings = {
				ASSETCATALOG_COMPILER_APPICON_NAME = AppIcon;
				CODE_SIGN_IDENTITY = "iPhone Developer";
				"CODE_SIGN_IDENTITY[sdk=iphoneos*]" = "iPhone Developer";
				INFOPLIST_FILE = ChatPrototype/Info.plist;
				IPHONEOS_DEPLOYMENT_TARGET = 8.0;
				LD_RUNPATH_SEARCH_PATHS = "$(inherited) @executable_path/Frameworks";
				PRODUCT_BUNDLE_IDENTIFIER = com.HiveChat.ChatPrototype;
				PRODUCT_NAME = "$(TARGET_NAME)";
				PROVISIONING_PROFILE = "";
				TARGETED_DEVICE_FAMILY = "1,2";
			};
			name = Debug;
		};
		59A123A61D659A5F00CF2F8B /* Release */ = {
			isa = XCBuildConfiguration;
			buildSettings = {
				ASSETCATALOG_COMPILER_APPICON_NAME = AppIcon;
				CODE_SIGN_IDENTITY = "iPhone Developer";
				"CODE_SIGN_IDENTITY[sdk=iphoneos*]" = "iPhone Developer";
				INFOPLIST_FILE = ChatPrototype/Info.plist;
				IPHONEOS_DEPLOYMENT_TARGET = 8.0;
				LD_RUNPATH_SEARCH_PATHS = "$(inherited) @executable_path/Frameworks";
				PRODUCT_BUNDLE_IDENTIFIER = com.HiveChat.ChatPrototype;
				PRODUCT_NAME = "$(TARGET_NAME)";
				PROVISIONING_PROFILE = "";
				TARGETED_DEVICE_FAMILY = "1,2";
			};
			name = Release;
		};
		59A123A81D659A5F00CF2F8B /* Debug */ = {
			isa = XCBuildConfiguration;
			buildSettings = {
				BUNDLE_LOADER = "$(TEST_HOST)";
				INFOPLIST_FILE = ChatPrototypeTests/Info.plist;
				LD_RUNPATH_SEARCH_PATHS = "$(inherited) @executable_path/Frameworks @loader_path/Frameworks";
				PRODUCT_BUNDLE_IDENTIFIER = com.HiveChat.ChatPrototypeTests;
				PRODUCT_NAME = "$(TARGET_NAME)";
				TEST_HOST = "$(BUILT_PRODUCTS_DIR)/ChatPrototype.app/ChatPrototype";
			};
			name = Debug;
		};
		59A123A91D659A5F00CF2F8B /* Release */ = {
			isa = XCBuildConfiguration;
			buildSettings = {
				BUNDLE_LOADER = "$(TEST_HOST)";
				INFOPLIST_FILE = ChatPrototypeTests/Info.plist;
				LD_RUNPATH_SEARCH_PATHS = "$(inherited) @executable_path/Frameworks @loader_path/Frameworks";
				PRODUCT_BUNDLE_IDENTIFIER = com.HiveChat.ChatPrototypeTests;
				PRODUCT_NAME = "$(TARGET_NAME)";
				TEST_HOST = "$(BUILT_PRODUCTS_DIR)/ChatPrototype.app/ChatPrototype";
			};
			name = Release;
		};
/* End XCBuildConfiguration section */

/* Begin XCConfigurationList section */
		59A1237D1D659A5E00CF2F8B /* Build configuration list for PBXProject "ChatPrototype" */ = {
			isa = XCConfigurationList;
			buildConfigurations = (
				59A123A21D659A5F00CF2F8B /* Debug */,
				59A123A31D659A5F00CF2F8B /* Release */,
			);
			defaultConfigurationIsVisible = 0;
			defaultConfigurationName = Release;
		};
		59A123A41D659A5F00CF2F8B /* Build configuration list for PBXNativeTarget "ChatPrototype" */ = {
			isa = XCConfigurationList;
			buildConfigurations = (
				59A123A51D659A5F00CF2F8B /* Debug */,
				59A123A61D659A5F00CF2F8B /* Release */,
			);
			defaultConfigurationIsVisible = 0;
			defaultConfigurationName = Release;
		};
		59A123A71D659A5F00CF2F8B /* Build configuration list for PBXNativeTarget "ChatPrototypeTests" */ = {
			isa = XCConfigurationList;
			buildConfigurations = (
				59A123A81D659A5F00CF2F8B /* Debug */,
				59A123A91D659A5F00CF2F8B /* Release */,
			);
			defaultConfigurationIsVisible = 0;
			defaultConfigurationName = Release;
		};
/* End XCConfigurationList section */

/* Begin XCVersionGroup section */
		59A123B61D659D4E00CF2F8B /* chatprototype.xcdatamodeld */ = {
			isa = XCVersionGroup;
			children = (
				59A123B71D659D4E00CF2F8B /* chatprototype.xcdatamodel */,
			);
			currentVersion = 59A123B71D659D4E00CF2F8B /* chatprototype.xcdatamodel */;
			path = chatprototype.xcdatamodeld;
			sourceTree = "<group>";
			versionGroupType = wrapper.xcdatamodel;
		};
/* End XCVersionGroup section */
	};
	rootObject = 59A1237A1D659A5E00CF2F8B /* Project object */;
}
