// !$*UTF8*$!
{
	archiveVersion = 1;
	classes = {
	};
	objectVersion = 46;
	objects = {

/* Begin PBXBuildFile section */
		59A123871D659A5F00CF2F8B /* main.m in Sources */ = {isa = PBXBuildFile; fileRef = 59A123861D659A5F00CF2F8B /* main.m */; };
		59A1238A1D659A5F00CF2F8B /* AppDelegate.m in Sources */ = {isa = PBXBuildFile; fileRef = 59A123891D659A5F00CF2F8B /* AppDelegate.m */; };
		59A1238D1D659A5F00CF2F8B /* ViewController.m in Sources */ = {isa = PBXBuildFile; fileRef = 59A1238C1D659A5F00CF2F8B /* ViewController.m */; };
		59A123901D659A5F00CF2F8B /* Main.storyboard in Resources */ = {isa = PBXBuildFile; fileRef = 59A1238E1D659A5F00CF2F8B /* Main.storyboard */; };
		59A123921D659A5F00CF2F8B /* Assets.xcassets in Resources */ = {isa = PBXBuildFile; fileRef = 59A123911D659A5F00CF2F8B /* Assets.xcassets */; };
		59A123951D659A5F00CF2F8B /* LaunchScreen.storyboard in Resources */ = {isa = PBXBuildFile; fileRef = 59A123931D659A5F00CF2F8B /* LaunchScreen.storyboard */; };
		59A123A01D659A5F00CF2F8B /* ChatPrototypeTests.m in Sources */ = {isa = PBXBuildFile; fileRef = 59A1239F1D659A5F00CF2F8B /* ChatPrototypeTests.m */; };
/* End PBXBuildFile section */

/* Begin PBXContainerItemProxy section */
		59A1239C1D659A5F00CF2F8B /* PBXContainerItemProxy */ = {
			isa = PBXContainerItemProxy;
			containerPortal = 59A1237A1D659A5E00CF2F8B /* Project object */;
			proxyType = 1;
			remoteGlobalIDString = 59A123811D659A5E00CF2F8B;
			remoteInfo = ChatPrototype;
		};
/* End PBXContainerItemProxy section */

/* Begin PBXFileReference section */
		59A123821D659A5E00CF2F8B /* ChatPrototype.app */ = {isa = PBXFileReference; explicitFileType = wrapper.application; includeInIndex = 0; path = ChatPrototype.app; sourceTree = BUILT_PRODUCTS_DIR; };
		59A123861D659A5F00CF2F8B /* main.m */ = {isa = PBXFileReference; lastKnownFileType = sourcecode.c.objc; path = main.m; sourceTree = "<group>"; };
		59A123881D659A5F00CF2F8B /* AppDelegate.h */ = {isa = PBXFileReference; lastKnownFileType = sourcecode.c.h; path = AppDelegate.h; sourceTree = "<group>"; };
		59A123891D659A5F00CF2F8B /* AppDelegate.m */ = {isa = PBXFileReference; lastKnownFileType = sourcecode.c.objc; path = AppDelegate.m; sourceTree = "<group>"; };
		59A1238B1D659A5F00CF2F8B /* ViewController.h */ = {isa = PBXFileReference; lastKnownFileType = sourcecode.c.h; path = ViewController.h; sourceTree = "<group>"; };
		59A1238C1D659A5F00CF2F8B /* ViewController.m */ = {isa = PBXFileReference; lastKnownFileType = sourcecode.c.objc; path = ViewController.m; sourceTree = "<group>"; };
		59A1238F1D659A5F00CF2F8B /* Base */ = {isa = PBXFileReference; lastKnownFileType = file.storyboard; name = Base; path = Base.lproj/Main.storyboard; sourceTree = "<group>"; };
		59A123911D659A5F00CF2F8B /* Assets.xcassets */ = {isa = PBXFileReference; lastKnownFileType = folder.assetcatalog; path = Assets.xcassets; sourceTree = "<group>"; };
		59A123941D659A5F00CF2F8B /* Base */ = {isa = PBXFileReference; lastKnownFileType = file.storyboard; name = Base; path = Base.lproj/LaunchScreen.storyboard; sourceTree = "<group>"; };
		59A123961D659A5F00CF2F8B /* Info.plist */ = {isa = PBXFileReference; lastKnownFileType = text.plist.xml; path = Info.plist; sourceTree = "<group>"; };
		59A1239B1D659A5F00CF2F8B /* ChatPrototypeTests.xctest */ = {isa = PBXFileReference; explicitFileType = wrapper.cfbundle; includeInIndex = 0; path = ChatPrototypeTests.xctest; sourceTree = BUILT_PRODUCTS_DIR; };
		59A1239F1D659A5F00CF2F8B /* ChatPrototypeTests.m */ = {isa = PBXFileReference; lastKnownFileType = sourcecode.c.objc; path = ChatPrototypeTests.m; sourceTree = "<group>"; };
		59A123A11D659A5F00CF2F8B /* Info.plist */ = {isa = PBXFileReference; lastKnownFileType = text.plist.xml; path = Info.plist; sourceTree = "<group>"; };
/* End PBXFileReference section */

/* Begin PBXFrameworksBuildPhase section */
		59A1237F1D659A5E00CF2F8B /* Frameworks */ = {
			isa = PBXFrameworksBuildPhase;
			buildActionMask = 2147483647;
			files = (
			);
			runOnlyForDeploymentPostprocessing = 0;
		};
		59A123981D659A5F00CF2F8B /* Frameworks */ = {
			isa = PBXFrameworksBuildPhase;
			buildActionMask = 2147483647;
			files = (
			);
			runOnlyForDeploymentPostprocessing = 0;
		};
/* End PBXFrameworksBuildPhase section */

/* Begin PBXGroup section */
		59A123791D659A5E00CF2F8B = {
			isa = PBXGroup;
			children = (
				59A123841D659A5F00CF2F8B /* ChatPrototype */,
				59A1239E1D659A5F00CF2F8B /* ChatPrototypeTests */,
				59A123831D659A5E00CF2F8B /* Products */,
			);
			sourceTree = "<group>";
		};
		59A123831D659A5E00CF2F8B /* Products */ = {
			isa = PBXGroup;
			children = (
				59A123821D659A5E00CF2F8B /* ChatPrototype.app */,
				59A1239B1D659A5F00CF2F8B /* ChatPrototypeTests.xctest */,
			);
			name = Products;
			sourceTree = "<group>";
		};
		59A123841D659A5F00CF2F8B /* ChatPrototype */ = {
			isa = PBXGroup;
			children = (
				59A123881D659A5F00CF2F8B /* AppDelegate.h */,
				59A123891D659A5F00CF2F8B /* AppDelegate.m */,
				59A1238B1D659A5F00CF2F8B /* ViewController.h */,
				59A1238C1D659A5F00CF2F8B /* ViewController.m */,
				59A1238E1D659A5F00CF2F8B /* Main.storyboard */,
				59A123911D659A5F00CF2F8B /* Assets.xcassets */,
				59A123931D659A5F00CF2F8B /* LaunchScreen.storyboard */,
				59A123961D659A5F00CF2F8B /* Info.plist */,
				59A123851D659A5F00CF2F8B /* Supporting Files */,
			);
			path = ChatPrototype;
			sourceTree = "<group>";
		};
		59A123851D659A5F00CF2F8B /* Supporting Files */ = {
			isa = PBXGroup;
			children = (
				59A123861D659A5F00CF2F8B /* main.m */,
			);
			name = "Supporting Files";
			sourceTree = "<group>";
		};
		59A1239E1D659A5F00CF2F8B /* ChatPrototypeTests */ = {
			isa = PBXGroup;
			children = (
				59A1239F1D659A5F00CF2F8B /* ChatPrototypeTests.m */,
				59A123A11D659A5F00CF2F8B /* Info.plist */,
			);
			path = ChatPrototypeTests;
			sourceTree = "<group>";
		};
/* End PBXGroup section */

/* Begin PBXNativeTarget section */
		59A123811D659A5E00CF2F8B /* ChatPrototype */ = {
			isa = PBXNativeTarget;
			buildConfigurationList = 59A123A41D659A5F00CF2F8B /* Build configuration list for PBXNativeTarget "ChatPrototype" */;
			buildPhases = (
				59A1237E1D659A5E00CF2F8B /* Sources */,
				59A1237F1D659A5E00CF2F8B /* Frameworks */,
				59A123801D659A5E00CF2F8B /* Resources */,
			);
			buildRules = (
			);
			dependencies = (
			);
			name = ChatPrototype;
			productName = ChatPrototype;
			productReference = 59A123821D659A5E00CF2F8B /* ChatPrototype.app */;
			productType = "com.apple.product-type.application";
		};
		59A1239A1D659A5F00CF2F8B /* ChatPrototypeTests */ = {
			isa = PBXNativeTarget;
			buildConfigurationList = 59A123A71D659A5F00CF2F8B /* Build configuration list for PBXNativeTarget "ChatPrototypeTests" */;
			buildPhases = (
				59A123971D659A5F00CF2F8B /* Sources */,
				59A123981D659A5F00CF2F8B /* Frameworks */,
				59A123991D659A5F00CF2F8B /* Resources */,
			);
			buildRules = (
			);
			dependencies = (
				59A1239D1D659A5F00CF2F8B /* PBXTargetDependency */,
			);
			name = ChatPrototypeTests;
			productName = ChatPrototypeTests;
			productReference = 59A1239B1D659A5F00CF2F8B /* ChatPrototypeTests.xctest */;
			productType = "com.apple.product-type.bundle.unit-test";
		};
/* End PBXNativeTarget section */

/* Begin PBXProject section */
		59A1237A1D659A5E00CF2F8B /* Project object */ = {
			isa = PBXProject;
			attributes = {
				LastUpgradeCheck = 0730;
				ORGANIZATIONNAME = AlKol;
				TargetAttributes = {
					59A123811D659A5E00CF2F8B = {
						CreatedOnToolsVersion = 7.3.1;
					};
					59A1239A1D659A5F00CF2F8B = {
						CreatedOnToolsVersion = 7.3.1;
						TestTargetID = 59A123811D659A5E00CF2F8B;
					};
				};
			};
			buildConfigurationList = 59A1237D1D659A5E00CF2F8B /* Build configuration list for PBXProject "ChatPrototype" */;
			compatibilityVersion = "Xcode 3.2";
			developmentRegion = English;
			hasScannedForEncodings = 0;
			knownRegions = (
				en,
				Base,
			);
			mainGroup = 59A123791D659A5E00CF2F8B;
			productRefGroup = 59A123831D659A5E00CF2F8B /* Products */;
			projectDirPath = "";
			projectRoot = "";
			targets = (
				59A123811D659A5E00CF2F8B /* ChatPrototype */,
				59A1239A1D659A5F00CF2F8B /* ChatPrototypeTests */,
			);
		};
/* End PBXProject section */

/* Begin PBXResourcesBuildPhase section */
		59A123801D659A5E00CF2F8B /* Resources */ = {
			isa = PBXResourcesBuildPhase;
			buildActionMask = 2147483647;
			files = (
				59A123951D659A5F00CF2F8B /* LaunchScreen.storyboard in Resources */,
				59A123921D659A5F00CF2F8B /* Assets.xcassets in Resources */,
				59A123901D659A5F00CF2F8B /* Main.storyboard in Resources */,
			);
			runOnlyForDeploymentPostprocessing = 0;
		};
		59A123991D659A5F00CF2F8B /* Resources */ = {
			isa = PBXResourcesBuildPhase;
			buildActionMask = 2147483647;
			files = (
			);
			runOnlyForDeploymentPostprocessing = 0;
		};
/* End PBXResourcesBuildPhase section */

/* Begin PBXSourcesBuildPhase section */
		59A1237E1D659A5E00CF2F8B /* Sources */ = {
			isa = PBXSourcesBuildPhase;
			buildActionMask = 2147483647;
			files = (
				59A1238D1D659A5F00CF2F8B /* ViewController.m in Sources */,
				59A1238A1D659A5F00CF2F8B /* AppDelegate.m in Sources */,
				59A123871D659A5F00CF2F8B /* main.m in Sources */,
			);
			runOnlyForDeploymentPostprocessing = 0;
		};
		59A123971D659A5F00CF2F8B /* Sources */ = {
			isa = PBXSourcesBuildPhase;
			buildActionMask = 2147483647;
			files = (
				59A123A01D659A5F00CF2F8B /* ChatPrototypeTests.m in Sources */,
			);
			runOnlyForDeploymentPostprocessing = 0;
		};
/* End PBXSourcesBuildPhase section */

/* Begin PBXTargetDependency section */
		59A1239D1D659A5F00CF2F8B /* PBXTargetDependency */ = {
			isa = PBXTargetDependency;
			target = 59A123811D659A5E00CF2F8B /* ChatPrototype */;
			targetProxy = 59A1239C1D659A5F00CF2F8B /* PBXContainerItemProxy */;
		};
/* End PBXTargetDependency section */

/* Begin PBXVariantGroup section */
		59A1238E1D659A5F00CF2F8B /* Main.storyboard */ = {
			isa = PBXVariantGroup;
			children = (
				59A1238F1D659A5F00CF2F8B /* Base */,
			);
			name = Main.storyboard;
			sourceTree = "<group>";
		};
		59A123931D659A5F00CF2F8B /* LaunchScreen.storyboard */ = {
			isa = PBXVariantGroup;
			children = (
				59A123941D659A5F00CF2F8B /* Base */,
			);
			name = LaunchScreen.storyboard;
			sourceTree = "<group>";
		};
/* End PBXVariantGroup section */

/* Begin XCBuildConfiguration section */
		59A123A21D659A5F00CF2F8B /* Debug */ = {
			isa = XCBuildConfiguration;
			buildSettings = {
				ALWAYS_SEARCH_USER_PATHS = NO;
				CLANG_ANALYZER_NONNULL = YES;
				CLANG_CXX_LANGUAGE_STANDARD = "gnu++0x";
				CLANG_CXX_LIBRARY = "libc++";
				CLANG_ENABLE_MODULES = YES;
				CLANG_ENABLE_OBJC_ARC = YES;
				CLANG_WARN_BOOL_CONVERSION = YES;
				CLANG_WARN_CONSTANT_CONVERSION = YES;
				CLANG_WARN_DIRECT_OBJC_ISA_USAGE = YES_ERROR;
				CLANG_WARN_EMPTY_BODY = YES;
				CLANG_WARN_ENUM_CONVERSION = YES;
				CLANG_WARN_INT_CONVERSION = YES;
				CLANG_WARN_OBJC_ROOT_CLASS = YES_ERROR;
				CLANG_WARN_UNREACHABLE_CODE = YES;
				CLANG_WARN__DUPLICATE_METHOD_MATCH = YES;
				"CODE_SIGN_IDENTITY[sdk=iphoneos*]" = "iPhone Developer";
				COPY_PHASE_STRIP = NO;
				DEBUG_INFORMATION_FORMAT = dwarf;
				ENABLE_STRICT_OBJC_MSGSEND = YES;
				ENABLE_TESTABILITY = YES;
				GCC_C_LANGUAGE_STANDARD = gnu99;
				GCC_DYNAMIC_NO_PIC = NO;
				GCC_NO_COMMON_BLOCKS = YES;
				GCC_OPTIMIZATION_LEVEL = 0;
				GCC_PREPROCESSOR_DEFINITIONS = (
					"DEBUG=1",
					"$(inherited)",
				);
				GCC_WARN_64_TO_32_BIT_CONVERSION = YES;
				GCC_WARN_ABOUT_RETURN_TYPE = YES_ERROR;
				GCC_WARN_UNDECLARED_SELECTOR = YES;
				GCC_WARN_UNINITIALIZED_AUTOS = YES_AGGRESSIVE;
				GCC_WARN_UNUSED_FUNCTION = YES;
				GCC_WARN_UNUSED_VARIABLE = YES;
				IPHONEOS_DEPLOYMENT_TARGET = 9.3;
				MTL_ENABLE_DEBUG_INFO = YES;
				ONLY_ACTIVE_ARCH = YES;
				SDKROOT = iphoneos;
				TARGETED_DEVICE_FAMILY = "1,2";
			};
			name = Debug;
		};
		59A123A31D659A5F00CF2F8B /* Release */ = {
			isa = XCBuildConfiguration;
			buildSettings = {
				ALWAYS_SEARCH_USER_PATHS = NO;
				CLANG_ANALYZER_NONNULL = YES;
				CLANG_CXX_LANGUAGE_STANDARD = "gnu++0x";
				CLANG_CXX_LIBRARY = "libc++";
				CLANG_ENABLE_MODULES = YES;
				CLANG_ENABLE_OBJC_ARC = YES;
				CLANG_WARN_BOOL_CONVERSION = YES;
				CLANG_WARN_CONSTANT_CONVERSION = YES;
				CLANG_WARN_DIRECT_OBJC_ISA_USAGE = YES_ERROR;
				CLANG_WARN_EMPTY_BODY = YES;
				CLANG_WARN_ENUM_CONVERSION = YES;
				CLANG_WARN_INT_CONVERSION = YES;
				CLANG_WARN_OBJC_ROOT_CLASS = YES_ERROR;
				CLANG_WARN_UNREACHABLE_CODE = YES;
				CLANG_WARN__DUPLICATE_METHOD_MATCH = YES;
				"CODE_SIGN_IDENTITY[sdk=iphoneos*]" = "iPhone Developer";
				COPY_PHASE_STRIP = NO;
				DEBUG_INFORMATION_FORMAT = "dwarf-with-dsym";
				ENABLE_NS_ASSERTIONS = NO;
				ENABLE_STRICT_OBJC_MSGSEND = YES;
				GCC_C_LANGUAGE_STANDARD = gnu99;
				GCC_NO_COMMON_BLOCKS = YES;
				GCC_WARN_64_TO_32_BIT_CONVERSION = YES;
				GCC_WARN_ABOUT_RETURN_TYPE = YES_ERROR;
				GCC_WARN_UNDECLARED_SELECTOR = YES;
				GCC_WARN_UNINITIALIZED_AUTOS = YES_AGGRESSIVE;
				GCC_WARN_UNUSED_FUNCTION = YES;
				GCC_WARN_UNUSED_VARIABLE = YES;
				IPHONEOS_DEPLOYMENT_TARGET = 9.3;
				MTL_ENABLE_DEBUG_INFO = NO;
				SDKROOT = iphoneos;
				TARGETED_DEVICE_FAMILY = "1,2";
				VALIDATE_PRODUCT = YES;
			};
			name = Release;
		};
		59A123A51D659A5F00CF2F8B /* Debug */ = {
			isa = XCBuildConfiguration;
			buildSettings = {
				ASSETCATALOG_COMPILER_APPICON_NAME = AppIcon;
				INFOPLIST_FILE = ChatPrototype/Info.plist;
				LD_RUNPATH_SEARCH_PATHS = "$(inherited) @executable_path/Frameworks";
				PRODUCT_BUNDLE_IDENTIFIER = com.HiveChat.ChatPrototype;
				PRODUCT_NAME = "$(TARGET_NAME)";
			};
			name = Debug;
		};
		59A123A61D659A5F00CF2F8B /* Release */ = {
			isa = XCBuildConfiguration;
			buildSettings = {
				ASSETCATALOG_COMPILER_APPICON_NAME = AppIcon;
				INFOPLIST_FILE = ChatPrototype/Info.plist;
				LD_RUNPATH_SEARCH_PATHS = "$(inherited) @executable_path/Frameworks";
				PRODUCT_BUNDLE_IDENTIFIER = com.HiveChat.ChatPrototype;
				PRODUCT_NAME = "$(TARGET_NAME)";
			};
			name = Release;
		};
		59A123A81D659A5F00CF2F8B /* Debug */ = {
			isa = XCBuildConfiguration;
			buildSettings = {
				BUNDLE_LOADER = "$(TEST_HOST)";
				INFOPLIST_FILE = ChatPrototypeTests/Info.plist;
				LD_RUNPATH_SEARCH_PATHS = "$(inherited) @executable_path/Frameworks @loader_path/Frameworks";
				PRODUCT_BUNDLE_IDENTIFIER = com.HiveChat.ChatPrototypeTests;
				PRODUCT_NAME = "$(TARGET_NAME)";
				TEST_HOST = "$(BUILT_PRODUCTS_DIR)/ChatPrototype.app/ChatPrototype";
			};
			name = Debug;
		};
		59A123A91D659A5F00CF2F8B /* Release */ = {
			isa = XCBuildConfiguration;
			buildSettings = {
				BUNDLE_LOADER = "$(TEST_HOST)";
				INFOPLIST_FILE = ChatPrototypeTests/Info.plist;
				LD_RUNPATH_SEARCH_PATHS = "$(inherited) @executable_path/Frameworks @loader_path/Frameworks";
				PRODUCT_BUNDLE_IDENTIFIER = com.HiveChat.ChatPrototypeTests;
				PRODUCT_NAME = "$(TARGET_NAME)";
				TEST_HOST = "$(BUILT_PRODUCTS_DIR)/ChatPrototype.app/ChatPrototype";
			};
			name = Release;
		};
/* End XCBuildConfiguration section */

/* Begin XCConfigurationList section */
		59A1237D1D659A5E00CF2F8B /* Build configuration list for PBXProject "ChatPrototype" */ = {
			isa = XCConfigurationList;
			buildConfigurations = (
				59A123A21D659A5F00CF2F8B /* Debug */,
				59A123A31D659A5F00CF2F8B /* Release */,
			);
			defaultConfigurationIsVisible = 0;
			defaultConfigurationName = Release;
		};
		59A123A41D659A5F00CF2F8B /* Build configuration list for PBXNativeTarget "ChatPrototype" */ = {
			isa = XCConfigurationList;
			buildConfigurations = (
				59A123A51D659A5F00CF2F8B /* Debug */,
				59A123A61D659A5F00CF2F8B /* Release */,
			);
			defaultConfigurationIsVisible = 0;
		};
		59A123A71D659A5F00CF2F8B /* Build configuration list for PBXNativeTarget "ChatPrototypeTests" */ = {
			isa = XCConfigurationList;
			buildConfigurations = (
				59A123A81D659A5F00CF2F8B /* Debug */,
				59A123A91D659A5F00CF2F8B /* Release */,
			);
			defaultConfigurationIsVisible = 0;
		};
/* End XCConfigurationList section */
	};
	rootObject = 59A1237A1D659A5E00CF2F8B /* Project object */;
}
